
Microsoft Visual Studio Solution File, Format Version 12.00
# Visual Studio 14
VisualStudioVersion = 14.0.25420.1
MinimumVisualStudioVersion = 10.0.40219.1
Project("{FAE04EC0-301F-11D3-BF4B-00C04F79EFBC}") = "Bawx", "Bawx\Bawx.csproj", "{9D7DAB47-CA9F-4481-A488-22EFC2D4BC28}"
EndProject
Project("{FAE04EC0-301F-11D3-BF4B-00C04F79EFBC}") = "MagicaVoxLoader", "MagicaVoxLoader\MagicaVoxLoader.csproj", "{2175E1E6-E4B6-41EA-A16B-6754D0735A96}"
EndProject
Project("{FAE04EC0-301F-11D3-BF4B-00C04F79EFBC}") = "VoxViewerDx", "VoxViewerDx\VoxViewerDx.csproj", "{85BE2207-6231-4E8E-94BF-4C9B5E869030}"
EndProject
Project("{D954291E-2A0B-460D-934E-DC6B0785DB48}") = "VoxViewer", "VoxViewer\VoxViewer.shproj", "{EB4F5E4B-C814-432D-84FC-756E65FA0205}"
EndProject
Project("{FAE04EC0-301F-11D3-BF4B-00C04F79EFBC}") = "MonoGame.Framework.WindowsGL", "..\MonoGame\MonoGame.Framework\MonoGame.Framework.WindowsGL.csproj", "{6D75E618-19CA-4C51-9546-F10965FBC0B8}"
EndProject
Project("{FAE04EC0-301F-11D3-BF4B-00C04F79EFBC}") = "MonoGame.Framework.Windows", "..\MonoGame\MonoGame.Framework\MonoGame.Framework.Windows.csproj", "{7DE47032-A904-4C29-BD22-2D235E8D91BA}"
EndProject
Global
	GlobalSection(SharedMSBuildProjectFiles) = preSolution
		VoxViewer\VoxViewer.projitems*{85be2207-6231-4e8e-94bf-4c9b5e869030}*SharedItemsImports = 4
		VoxViewer\VoxViewer.projitems*{eb4f5e4b-c814-432d-84fc-756e65fa0205}*SharedItemsImports = 13
	EndGlobalSection
	GlobalSection(SolutionConfigurationPlatforms) = preSolution
		Debug|Any CPU = Debug|Any CPU
		Debug|x86 = Debug|x86
		Release|Any CPU = Release|Any CPU
		Release|x86 = Release|x86
	EndGlobalSection
	GlobalSection(ProjectConfigurationPlatforms) = postSolution
		{9D7DAB47-CA9F-4481-A488-22EFC2D4BC28}.Debug|Any CPU.ActiveCfg = Debug|Any CPU
		{9D7DAB47-CA9F-4481-A488-22EFC2D4BC28}.Debug|Any CPU.Build.0 = Debug|Any CPU
		{9D7DAB47-CA9F-4481-A488-22EFC2D4BC28}.Debug|x86.ActiveCfg = Debug|Any CPU
		{9D7DAB47-CA9F-4481-A488-22EFC2D4BC28}.Debug|x86.Build.0 = Debug|Any CPU
		{9D7DAB47-CA9F-4481-A488-22EFC2D4BC28}.Release|Any CPU.ActiveCfg = Release|Any CPU
		{9D7DAB47-CA9F-4481-A488-22EFC2D4BC28}.Release|Any CPU.Build.0 = Release|Any CPU
		{9D7DAB47-CA9F-4481-A488-22EFC2D4BC28}.Release|x86.ActiveCfg = Release|Any CPU
		{9D7DAB47-CA9F-4481-A488-22EFC2D4BC28}.Release|x86.Build.0 = Release|Any CPU
		{2175E1E6-E4B6-41EA-A16B-6754D0735A96}.Debug|Any CPU.ActiveCfg = Debug|Any CPU
		{2175E1E6-E4B6-41EA-A16B-6754D0735A96}.Debug|Any CPU.Build.0 = Debug|Any CPU
		{2175E1E6-E4B6-41EA-A16B-6754D0735A96}.Debug|x86.ActiveCfg = Debug|Any CPU
		{2175E1E6-E4B6-41EA-A16B-6754D0735A96}.Debug|x86.Build.0 = Debug|Any CPU
		{2175E1E6-E4B6-41EA-A16B-6754D0735A96}.Release|Any CPU.ActiveCfg = Release|Any CPU
		{2175E1E6-E4B6-41EA-A16B-6754D0735A96}.Release|Any CPU.Build.0 = Release|Any CPU
		{2175E1E6-E4B6-41EA-A16B-6754D0735A96}.Release|x86.ActiveCfg = Release|Any CPU
		{2175E1E6-E4B6-41EA-A16B-6754D0735A96}.Release|x86.Build.0 = Release|Any CPU
		{85BE2207-6231-4E8E-94BF-4C9B5E869030}.Debug|Any CPU.ActiveCfg = Debug|Any CPU
		{85BE2207-6231-4E8E-94BF-4C9B5E869030}.Debug|Any CPU.Build.0 = Debug|Any CPU
		{85BE2207-6231-4E8E-94BF-4C9B5E869030}.Debug|x86.ActiveCfg = Debug|x86
		{85BE2207-6231-4E8E-94BF-4C9B5E869030}.Debug|x86.Build.0 = Debug|x86
		{85BE2207-6231-4E8E-94BF-4C9B5E869030}.Release|Any CPU.ActiveCfg = Release|Any CPU
		{85BE2207-6231-4E8E-94BF-4C9B5E869030}.Release|Any CPU.Build.0 = Release|Any CPU
		{85BE2207-6231-4E8E-94BF-4C9B5E869030}.Release|x86.ActiveCfg = Release|x86
		{85BE2207-6231-4E8E-94BF-4C9B5E869030}.Release|x86.Build.0 = Release|x86
		{6D75E618-19CA-4C51-9546-F10965FBC0B8}.Debug|Any CPU.ActiveCfg = Debug|Any CPU
		{6D75E618-19CA-4C51-9546-F10965FBC0B8}.Debug|Any CPU.Build.0 = Debug|Any CPU
		{6D75E618-19CA-4C51-9546-F10965FBC0B8}.Debug|x86.ActiveCfg = Debug|Any CPU
		{6D75E618-19CA-4C51-9546-F10965FBC0B8}.Debug|x86.Build.0 = Debug|Any CPU
		{6D75E618-19CA-4C51-9546-F10965FBC0B8}.Release|Any CPU.ActiveCfg = Release|Any CPU
		{6D75E618-19CA-4C51-9546-F10965FBC0B8}.Release|Any CPU.Build.0 = Release|Any CPU
		{6D75E618-19CA-4C51-9546-F10965FBC0B8}.Release|x86.ActiveCfg = Release|Any CPU
		{6D75E618-19CA-4C51-9546-F10965FBC0B8}.Release|x86.Build.0 = Release|Any CPU
		{7DE47032-A904-4C29-BD22-2D235E8D91BA}.Debug|Any CPU.ActiveCfg = Debug|Any CPU
		{7DE47032-A904-4C29-BD22-2D235E8D91BA}.Debug|Any CPU.Build.0 = Debug|Any CPU
		{7DE47032-A904-4C29-BD22-2D235E8D91BA}.Debug|x86.ActiveCfg = Debug|Any CPU
		{7DE47032-A904-4C29-BD22-2D235E8D91BA}.Debug|x86.Build.0 = Debug|Any CPU
		{7DE47032-A904-4C29-BD22-2D235E8D91BA}.Release|Any CPU.ActiveCfg = Release|Any CPU
		{7DE47032-A904-4C29-BD22-2D235E8D91BA}.Release|Any CPU.Build.0 = Release|Any CPU
		{7DE47032-A904-4C29-BD22-2D235E8D91BA}.Release|x86.ActiveCfg = Release|Any CPU
		{7DE47032-A904-4C29-BD22-2D235E8D91BA}.Release|x86.Build.0 = Release|Any CPU
	EndGlobalSection
	GlobalSection(SolutionProperties) = preSolution
		HideSolutionNode = FALSE
	EndGlobalSection
EndGlobal
